<?xml version="1.0" encoding="UTF-8" standalone="yes" ?>
<CodeBlocks_project_file>
	<FileVersion major="1" minor="6" />
	<Project>
		<Option title="miniMICADO" />
		<Option pch_mode="2" />
		<Option compiler="gcc" />
		<Build>
			<Target title="Debug">
				<Option output="../miniMICADO" prefix_auto="1" extension_auto="1" />
				<Option working_dir=".." />
				<Option object_output="obj/Debug/" />
				<Option type="1" />
				<Option compiler="gcc" />
				<Compiler>
					<Add option="-Winit-self" />
					<Add option="-Wfloat-equal" />
					<Add option="-Wmissing-declarations" />
					<Add option="-g" />
					<Add option="-W" />
					<Add directory="../src" />
				</Compiler>
			</Target>
			<Target title="Release">
				<Option output="../miniMICADO" prefix_auto="1" extension_auto="1" />
				<Option working_dir=".." />
				<Option object_output="obj/Release/" />
				<Option type="1" />
				<Option compiler="gcc" />
				<Compiler>
					<Add option="-O3" />
					<Add directory="../src" />
				</Compiler>
				<Linker>
					<Add option="-s" />
				</Linker>
			</Target>
		</Build>
		<Compiler>
			<Add option="-Wall" />
			<Add option="-std=c++11" />
			<Add option="-fexceptions" />
			<Add directory="lib/aixml" />
			<Add directory="lib/standardFiles" />
			<Add directory="lib/atmosphere" />
		</Compiler>
		<Linker>
			<Add library="lib/aixml/libaixml.a" />
			<Add library="lib/standardFiles/libStandardFiles.a" />
			<Add library="lib/atmosphere/libAtmosphere.a" />
		</Linker>
		<Unit filename="Aerodynamics.cpp" />
		<Unit filename="Aerodynamics.h" />
		<Unit filename="BladeElementTheory.cpp" />
		<Unit filename="BladeElementTheory.h" />
		<Unit filename="MassEstimation.cpp" />
		<Unit filename="MassEstimation.h" />
		<Unit filename="MissionAnalysis.cpp" />
		<Unit filename="MissionAnalysis.h" />
		<Unit filename="Propeller.cpp" />
		<Unit filename="Propeller.h" />
		<Unit filename="Segment.cpp" />
		<Unit filename="Segment.h" />
		<Unit filename="lib/aixml/node.h" />
		<Unit filename="lib/aixml/tinystr.h" />
		<Unit filename="lib/aixml/tinyxml.h" />
		<Unit filename="lib/atmosphere/atmosphere.h" />
		<Unit filename="lib/standardFiles/functions.h" />
		<Unit filename="lib/standardFiles/output.h" />
		<Unit filename="lib/standardFiles/runtimeInfo.h" />
		<Unit filename="main.cpp" />
		<Extensions>
			<code_completion />
			<envvars />
			<debugger />
		</Extensions>
	</Project>
</CodeBlocks_project_file>
